
Microsoft Visual Studio Solution File, Format Version 12.00
# Visual Studio 2013
VisualStudioVersion = 12.0.31101.0
MinimumVisualStudioVersion = 10.0.40219.1
Project("{8BC9CEB8-8B4A-11D0-8D11-00A0C91BC942}") = "OnePercent", "OnePercent\OnePercent.vcxproj", "{76B146B7-D5C8-407B-B695-506B840511AF}"
	ProjectSection(ProjectDependencies) = postProject
		{A73F05F2-DB1B-4366-A6E7-E063F2A12925} = {A73F05F2-DB1B-4366-A6E7-E063F2A12925}
	EndProjectSection
EndProject
Project("{FAE04EC0-301F-11D3-BF4B-00C04F79EFBC}") = "ImageHelper", "ImageHelper\ImageHelper.csproj", "{EA902058-3C89-42BD-A9B2-FFFBCA5CCAB0}"
EndProject
Project("{8BC9CEB8-8B4A-11D0-8D11-00A0C91BC942}") = "osgGaming", "osgGaming\osgGaming.vcxproj", "{A73F05F2-DB1B-4366-A6E7-E063F2A12925}"
EndProject
Project("{FAE04EC0-301F-11D3-BF4B-00C04F79EFBC}") = "PackageBuilder", "PackageBuilder\PackageBuilder.csproj", "{8B4D17B9-1629-4697-B60C-EB0DDC774970}"
EndProject
Global
	GlobalSection(SolutionConfigurationPlatforms) = preSolution
		Debug|Any CPU = Debug|Any CPU
		Debug|Mixed Platforms = Debug|Mixed Platforms
		Debug|Win32 = Debug|Win32
		Debug|x64 = Debug|x64
		Debug|x86 = Debug|x86
		Release|Any CPU = Release|Any CPU
		Release|Mixed Platforms = Release|Mixed Platforms
		Release|Win32 = Release|Win32
		Release|x64 = Release|x64
		Release|x86 = Release|x86
	EndGlobalSection
	GlobalSection(ProjectConfigurationPlatforms) = postSolution
		{76B146B7-D5C8-407B-B695-506B840511AF}.Debug|Any CPU.ActiveCfg = Debug|Win32
		{76B146B7-D5C8-407B-B695-506B840511AF}.Debug|Mixed Platforms.ActiveCfg = Debug|Win32
		{76B146B7-D5C8-407B-B695-506B840511AF}.Debug|Mixed Platforms.Build.0 = Debug|Win32
		{76B146B7-D5C8-407B-B695-506B840511AF}.Debug|Win32.ActiveCfg = Debug|Win32
		{76B146B7-D5C8-407B-B695-506B840511AF}.Debug|Win32.Build.0 = Debug|Win32
		{76B146B7-D5C8-407B-B695-506B840511AF}.Debug|x64.ActiveCfg = Debug|Win32
		{76B146B7-D5C8-407B-B695-506B840511AF}.Debug|x64.Build.0 = Debug|Win32
		{76B146B7-D5C8-407B-B695-506B840511AF}.Debug|x86.ActiveCfg = Debug|Win32
		{76B146B7-D5C8-407B-B695-506B840511AF}.Debug|x86.Build.0 = Debug|Win32
		{76B146B7-D5C8-407B-B695-506B840511AF}.Release|Any CPU.ActiveCfg = Release|Win32
		{76B146B7-D5C8-407B-B695-506B840511AF}.Release|Mixed Platforms.ActiveCfg = Release|Win32
		{76B146B7-D5C8-407B-B695-506B840511AF}.Release|Mixed Platforms.Build.0 = Release|Win32
		{76B146B7-D5C8-407B-B695-506B840511AF}.Release|Win32.ActiveCfg = Release|Win32
		{76B146B7-D5C8-407B-B695-506B840511AF}.Release|Win32.Build.0 = Release|Win32
		{76B146B7-D5C8-407B-B695-506B840511AF}.Release|x64.ActiveCfg = Release|Win32
		{76B146B7-D5C8-407B-B695-506B840511AF}.Release|x86.ActiveCfg = Release|Win32
		{76B146B7-D5C8-407B-B695-506B840511AF}.Release|x86.Build.0 = Release|Win32
		{EA902058-3C89-42BD-A9B2-FFFBCA5CCAB0}.Debug|Any CPU.ActiveCfg = Debug|Any CPU
		{EA902058-3C89-42BD-A9B2-FFFBCA5CCAB0}.Debug|Any CPU.Build.0 = Debug|Any CPU
		{EA902058-3C89-42BD-A9B2-FFFBCA5CCAB0}.Debug|Mixed Platforms.ActiveCfg = Debug|Any CPU
		{EA902058-3C89-42BD-A9B2-FFFBCA5CCAB0}.Debug|Mixed Platforms.Build.0 = Debug|Any CPU
		{EA902058-3C89-42BD-A9B2-FFFBCA5CCAB0}.Debug|Win32.ActiveCfg = Debug|x64
		{EA902058-3C89-42BD-A9B2-FFFBCA5CCAB0}.Debug|Win32.Build.0 = Debug|x64
		{EA902058-3C89-42BD-A9B2-FFFBCA5CCAB0}.Debug|x64.ActiveCfg = Debug|x64
		{EA902058-3C89-42BD-A9B2-FFFBCA5CCAB0}.Debug|x64.Build.0 = Debug|x64
		{EA902058-3C89-42BD-A9B2-FFFBCA5CCAB0}.Debug|x86.ActiveCfg = Debug|Any CPU
		{EA902058-3C89-42BD-A9B2-FFFBCA5CCAB0}.Release|Any CPU.ActiveCfg = Release|Any CPU
		{EA902058-3C89-42BD-A9B2-FFFBCA5CCAB0}.Release|Any CPU.Build.0 = Release|Any CPU
		{EA902058-3C89-42BD-A9B2-FFFBCA5CCAB0}.Release|Mixed Platforms.ActiveCfg = Release|Any CPU
		{EA902058-3C89-42BD-A9B2-FFFBCA5CCAB0}.Release|Mixed Platforms.Build.0 = Release|Any CPU
		{EA902058-3C89-42BD-A9B2-FFFBCA5CCAB0}.Release|Win32.ActiveCfg = Release|Any CPU
		{EA902058-3C89-42BD-A9B2-FFFBCA5CCAB0}.Release|x64.ActiveCfg = Release|x64
		{EA902058-3C89-42BD-A9B2-FFFBCA5CCAB0}.Release|x64.Build.0 = Release|x64
		{EA902058-3C89-42BD-A9B2-FFFBCA5CCAB0}.Release|x86.ActiveCfg = Release|Any CPU
		{A73F05F2-DB1B-4366-A6E7-E063F2A12925}.Debug|Any CPU.ActiveCfg = Debug|Win32
		{A73F05F2-DB1B-4366-A6E7-E063F2A12925}.Debug|Mixed Platforms.ActiveCfg = Debug|Win32
		{A73F05F2-DB1B-4366-A6E7-E063F2A12925}.Debug|Mixed Platforms.Build.0 = Debug|Win32
		{A73F05F2-DB1B-4366-A6E7-E063F2A12925}.Debug|Win32.ActiveCfg = Debug|Win32
		{A73F05F2-DB1B-4366-A6E7-E063F2A12925}.Debug|Win32.Build.0 = Debug|Win32
		{A73F05F2-DB1B-4366-A6E7-E063F2A12925}.Debug|x64.ActiveCfg = Debug|Win32
		{A73F05F2-DB1B-4366-A6E7-E063F2A12925}.Debug|x64.Build.0 = Debug|Win32
		{A73F05F2-DB1B-4366-A6E7-E063F2A12925}.Debug|x86.ActiveCfg = Debug|Win32
		{A73F05F2-DB1B-4366-A6E7-E063F2A12925}.Debug|x86.Build.0 = Debug|Win32
		{A73F05F2-DB1B-4366-A6E7-E063F2A12925}.Release|Any CPU.ActiveCfg = Release|Win32
		{A73F05F2-DB1B-4366-A6E7-E063F2A12925}.Release|Mixed Platforms.ActiveCfg = Release|Win32
		{A73F05F2-DB1B-4366-A6E7-E063F2A12925}.Release|Mixed Platforms.Build.0 = Release|Win32
		{A73F05F2-DB1B-4366-A6E7-E063F2A12925}.Release|Win32.ActiveCfg = Release|Win32
		{A73F05F2-DB1B-4366-A6E7-E063F2A12925}.Release|Win32.Build.0 = Release|Win32
		{A73F05F2-DB1B-4366-A6E7-E063F2A12925}.Release|x64.ActiveCfg = Release|Win32
		{A73F05F2-DB1B-4366-A6E7-E063F2A12925}.Release|x86.ActiveCfg = Release|Win32
		{A73F05F2-DB1B-4366-A6E7-E063F2A12925}.Release|x86.Build.0 = Release|Win32
		{8B4D17B9-1629-4697-B60C-EB0DDC774970}.Debug|Any CPU.ActiveCfg = Debug|Any CPU
		{8B4D17B9-1629-4697-B60C-EB0DDC774970}.Debug|Any CPU.Build.0 = Debug|Any CPU
		{8B4D17B9-1629-4697-B60C-EB0DDC774970}.Debug|Mixed Platforms.ActiveCfg = Debug|Any CPU
		{8B4D17B9-1629-4697-B60C-EB0DDC774970}.Debug|Mixed Platforms.Build.0 = Debug|Any CPU
		{8B4D17B9-1629-4697-B60C-EB0DDC774970}.Debug|Win32.ActiveCfg = Debug|Any CPU
		{8B4D17B9-1629-4697-B60C-EB0DDC774970}.Debug|Win32.Build.0 = Debug|Any CPU
		{8B4D17B9-1629-4697-B60C-EB0DDC774970}.Debug|x64.ActiveCfg = Debug|Any CPU
		{8B4D17B9-1629-4697-B60C-EB0DDC774970}.Debug|x64.Build.0 = Debug|Any CPU
		{8B4D17B9-1629-4697-B60C-EB0DDC774970}.Debug|x86.ActiveCfg = Debug|x86
		{8B4D17B9-1629-4697-B60C-EB0DDC774970}.Debug|x86.Build.0 = Debug|x86
		{8B4D17B9-1629-4697-B60C-EB0DDC774970}.Release|Any CPU.ActiveCfg = Release|Any CPU
		{8B4D17B9-1629-4697-B60C-EB0DDC774970}.Release|Any CPU.Build.0 = Release|Any CPU
		{8B4D17B9-1629-4697-B60C-EB0DDC774970}.Release|Mixed Platforms.ActiveCfg = Release|Any CPU
		{8B4D17B9-1629-4697-B60C-EB0DDC774970}.Release|Mixed Platforms.Build.0 = Release|Any CPU
		{8B4D17B9-1629-4697-B60C-EB0DDC774970}.Release|Win32.ActiveCfg = Release|Any CPU
		{8B4D17B9-1629-4697-B60C-EB0DDC774970}.Release|x64.ActiveCfg = Release|Any CPU
		{8B4D17B9-1629-4697-B60C-EB0DDC774970}.Release|x86.ActiveCfg = Release|x86
		{8B4D17B9-1629-4697-B60C-EB0DDC774970}.Release|x86.Build.0 = Release|x86
	EndGlobalSection
	GlobalSection(SolutionProperties) = preSolution
		HideSolutionNode = FALSE
	EndGlobalSection
EndGlobal
