<?xml version="1.0" encoding="utf-8"?>
<Project ToolsVersion="4.0" xmlns="http://schemas.microsoft.com/developer/msbuild/2003">
  <ItemGroup>
    <Filter Include="Source Files">
      <UniqueIdentifier>{0bf0da2e-aee2-42f6-aef6-4086d278a69a}</UniqueIdentifier>
    </Filter>
    <Filter Include="Header Files">
      <UniqueIdentifier>{e400a6ce-f2b7-479d-865f-192c8e44355c}</UniqueIdentifier>
    </Filter>
  </ItemGroup>
  <ItemGroup>
    <ClCompile Include="src\GameApplication.cpp">
      <Filter>Source Files</Filter>
    </ClCompile>
    <ClCompile Include="src\Helper.cpp">
      <Filter>Source Files</Filter>
    </ClCompile>
    <ClCompile Include="src\World.cpp">
      <Filter>Source Files</Filter>
    </ClCompile>
    <ClCompile Include="src\GameSettings.cpp">
      <Filter>Source Files</Filter>
    </ClCompile>
    <ClCompile Include="src\GameException.cpp">
      <Filter>Source Files</Filter>
    </ClCompile>
    <ClCompile Include="src\GameState.cpp">
      <Filter>Source Files</Filter>
    </ClCompile>
    <ClCompile Include="src\GameLoadingState.cpp">
      <Filter>Source Files</Filter>
    </ClCompile>
    <ClCompile Include="src\Hud.cpp">
      <Filter>Source Files</Filter>
    </ClCompile>
  </ItemGroup>
  <ItemGroup>
    <ClInclude Include="include\osgGaming\GameApplication.h">
      <Filter>Header Files</Filter>
    </ClInclude>
    <ClInclude Include="include\osgGaming\GameException.h">
      <Filter>Header Files</Filter>
    </ClInclude>
    <ClInclude Include="include\osgGaming\GameSettings.h">
      <Filter>Header Files</Filter>
    </ClInclude>
    <ClInclude Include="include\osgGaming\GameState.h">
      <Filter>Header Files</Filter>
    </ClInclude>
    <ClInclude Include="include\osgGaming\Helper.h">
      <Filter>Header Files</Filter>
    </ClInclude>
    <ClInclude Include="include\osgGaming\World.h">
      <Filter>Header Files</Filter>
    </ClInclude>
    <ClInclude Include="include\osgGaming\GameLoadingState.h">
      <Filter>Header Files</Filter>
    </ClInclude>
    <ClInclude Include="include\osgGaming\Hud.h">
      <Filter>Header Files</Filter>
    </ClInclude>
  </ItemGroup>
</Project>