<?xml version="1.0" encoding="utf-8"?>
<Project ToolsVersion="4.0" xmlns="http://schemas.microsoft.com/developer/msbuild/2003">
  <ItemGroup>
    <Filter Include="Source Files">
      <UniqueIdentifier>{0bf0da2e-aee2-42f6-aef6-4086d278a69a}</UniqueIdentifier>
    </Filter>
    <Filter Include="Header Files">
      <UniqueIdentifier>{e400a6ce-f2b7-479d-865f-192c8e44355c}</UniqueIdentifier>
    </Filter>
    <Filter Include="Header Files\UI">
      <UniqueIdentifier>{c72d954b-0e52-4723-9f24-25d8e8898727}</UniqueIdentifier>
    </Filter>
    <Filter Include="Source Files\UI">
      <UniqueIdentifier>{28b1cda7-587b-46f5-ad94-b931d39b64d3}</UniqueIdentifier>
    </Filter>
    <Filter Include="Header Files\Resources">
      <UniqueIdentifier>{52bc078c-430a-4657-b503-5a9d1f38bfca}</UniqueIdentifier>
    </Filter>
    <Filter Include="Source Files\Resources">
      <UniqueIdentifier>{f26ba47f-2e2b-46b6-9b72-6ff647a00d05}</UniqueIdentifier>
    </Filter>
    <Filter Include="Source Files\PPU">
      <UniqueIdentifier>{b1602186-a60f-43d9-a071-53755c573aae}</UniqueIdentifier>
    </Filter>
    <Filter Include="Header Files\PPU">
      <UniqueIdentifier>{da6da027-d54f-4943-9de7-8915855db0c3}</UniqueIdentifier>
    </Filter>
    <Filter Include="Source Files\Parameters">
      <UniqueIdentifier>{31c8cfb1-48f1-413f-806c-0e7f5e4b19e7}</UniqueIdentifier>
    </Filter>
    <Filter Include="Header Files\Parameters">
      <UniqueIdentifier>{e047c339-d3c7-415f-9ac3-d73d3e62e5ee}</UniqueIdentifier>
    </Filter>
  </ItemGroup>
  <ItemGroup>
    <ClCompile Include="src\GameApplication.cpp">
      <Filter>Source Files</Filter>
    </ClCompile>
    <ClCompile Include="src\Helper.cpp">
      <Filter>Source Files</Filter>
    </ClCompile>
    <ClCompile Include="src\World.cpp">
      <Filter>Source Files</Filter>
    </ClCompile>
    <ClCompile Include="src\GameSettings.cpp">
      <Filter>Source Files</Filter>
    </ClCompile>
    <ClCompile Include="src\GameException.cpp">
      <Filter>Source Files</Filter>
    </ClCompile>
    <ClCompile Include="src\GameLoadingState.cpp">
      <Filter>Source Files</Filter>
    </ClCompile>
    <ClCompile Include="src\Hud.cpp">
      <Filter>Source Files</Filter>
    </ClCompile>
    <ClCompile Include="src\TransformableCameraManipulator.cpp">
      <Filter>Source Files</Filter>
    </ClCompile>
    <ClCompile Include="src\InputManager.cpp">
      <Filter>Source Files</Filter>
    </ClCompile>
    <ClCompile Include="src\FpsTextCallback.cpp">
      <Filter>Source Files</Filter>
    </ClCompile>
    <ClCompile Include="src\UIElement.cpp">
      <Filter>Source Files\UI</Filter>
    </ClCompile>
    <ClCompile Include="src\UIText.cpp">
      <Filter>Source Files\UI</Filter>
    </ClCompile>
    <ClCompile Include="src\UIGrid.cpp">
      <Filter>Source Files\UI</Filter>
    </ClCompile>
    <ClCompile Include="src\UIUpdateVisitor.cpp">
      <Filter>Source Files\UI</Filter>
    </ClCompile>
    <ClCompile Include="src\UIStackPanel.cpp">
      <Filter>Source Files\UI</Filter>
    </ClCompile>
    <ClCompile Include="src\UIVisualElement.cpp">
      <Filter>Source Files\UI</Filter>
    </ClCompile>
    <ClCompile Include="src\UICells.cpp">
      <Filter>Source Files\UI</Filter>
    </ClCompile>
    <ClCompile Include="src\UIContainerElementBase.cpp">
      <Filter>Source Files\UI</Filter>
    </ClCompile>
    <ClCompile Include="src\UIButton.cpp">
      <Filter>Source Files\UI</Filter>
    </ClCompile>
    <ClCompile Include="src\UserInteractionModel.cpp">
      <Filter>Source Files</Filter>
    </ClCompile>
    <ClCompile Include="src\PackageResourceLoader.cpp">
      <Filter>Source Files\Resources</Filter>
    </ClCompile>
    <ClCompile Include="src\ResourceManager.cpp">
      <Filter>Source Files\Resources</Filter>
    </ClCompile>
    <ClCompile Include="src\FileResourceLoader.cpp">
      <Filter>Source Files\Resources</Filter>
    </ClCompile>
    <ClCompile Include="src\TextResource.cpp">
      <Filter>Source Files\Resources</Filter>
    </ClCompile>
    <ClCompile Include="src\CameraAlignedQuad.cpp">
      <Filter>Source Files</Filter>
    </ClCompile>
    <ClCompile Include="src\TextureFactory.cpp">
      <Filter>Source Files</Filter>
    </ClCompile>
    <ClCompile Include="src\BinaryResource.cpp">
      <Filter>Source Files\Resources</Filter>
    </ClCompile>
    <ClCompile Include="src\ByteStream.cpp">
      <Filter>Source Files</Filter>
    </ClCompile>
    <ClCompile Include="src\Viewer.cpp">
      <Filter>Source Files\PPU</Filter>
    </ClCompile>
    <ClCompile Include="src\PostProcessingEffect.cpp">
      <Filter>Source Files\PPU</Filter>
    </ClCompile>
    <ClCompile Include="src\HighDynamicRangeEffect.cpp">
      <Filter>Source Files\PPU</Filter>
    </ClCompile>
    <ClCompile Include="src\SimulationCallback.cpp">
      <Filter>Source Files</Filter>
    </ClCompile>
    <ClCompile Include="src\StaticResources.cpp">
      <Filter>Source Files\Resources</Filter>
    </ClCompile>
    <ClCompile Include="src\DepthOfFieldEffect.cpp">
      <Filter>Source Files\PPU</Filter>
    </ClCompile>
    <ClCompile Include="src\ShaderFactory.cpp">
      <Filter>Source Files</Filter>
    </ClCompile>
    <ClCompile Include="src\FastApproximateAntiAliasingEffect.cpp">
      <Filter>Source Files\PPU</Filter>
    </ClCompile>
    <ClCompile Include="src\AbstractGameState.cpp">
      <Filter>Source Files</Filter>
    </ClCompile>
    <ClCompile Include="src\GameState.cpp">
      <Filter>Source Files</Filter>
    </ClCompile>
    <ClCompile Include="src\GameStateStack.cpp">
      <Filter>Source Files</Filter>
    </ClCompile>
    <ClCompile Include="src\Timer.cpp">
      <Filter>Source Files</Filter>
    </ClCompile>
    <ClCompile Include="src\TimerFactory.cpp">
      <Filter>Source Files</Filter>
    </ClCompile>
    <ClCompile Include="src\UIMarkupLoader.cpp">
      <Filter>Source Files\UI</Filter>
    </ClCompile>
    <ClCompile Include="src\UIMCollectorVisitor.cpp">
      <Filter>Source Files\UI</Filter>
    </ClCompile>
    <ClCompile Include="src\UIFindElementVisitor.cpp">
      <Filter>Source Files\UI</Filter>
    </ClCompile>
    <ClCompile Include="src\PropertiesManager.cpp">
      <Filter>Source Files\Parameters</Filter>
    </ClCompile>
    <ClCompile Include="src\PropertyGroup.cpp">
      <Filter>Source Files\Parameters</Filter>
    </ClCompile>
    <ClCompile Include="src\PropertyArray.cpp">
      <Filter>Source Files\Parameters</Filter>
    </ClCompile>
  </ItemGroup>
  <ItemGroup>
    <ClInclude Include="include\osgGaming\GameApplication.h">
      <Filter>Header Files</Filter>
    </ClInclude>
    <ClInclude Include="include\osgGaming\GameException.h">
      <Filter>Header Files</Filter>
    </ClInclude>
    <ClInclude Include="include\osgGaming\GameSettings.h">
      <Filter>Header Files</Filter>
    </ClInclude>
    <ClInclude Include="include\osgGaming\World.h">
      <Filter>Header Files</Filter>
    </ClInclude>
    <ClInclude Include="include\osgGaming\GameLoadingState.h">
      <Filter>Header Files</Filter>
    </ClInclude>
    <ClInclude Include="include\osgGaming\Hud.h">
      <Filter>Header Files</Filter>
    </ClInclude>
    <ClInclude Include="include\osgGaming\TransformableCameraManipulator.h">
      <Filter>Header Files</Filter>
    </ClInclude>
    <ClInclude Include="include\osgGaming\InputManager.h">
      <Filter>Header Files</Filter>
    </ClInclude>
    <ClInclude Include="include\osgGaming\Animation.h">
      <Filter>Header Files</Filter>
    </ClInclude>
    <ClInclude Include="include\osgGaming\FpsTextCallback.h">
      <Filter>Header Files</Filter>
    </ClInclude>
    <ClInclude Include="include\osgGaming\UIElement.h">
      <Filter>Header Files\UI</Filter>
    </ClInclude>
    <ClInclude Include="include\osgGaming\UIText.h">
      <Filter>Header Files\UI</Filter>
    </ClInclude>
    <ClInclude Include="include\osgGaming\UIGrid.h">
      <Filter>Header Files\UI</Filter>
    </ClInclude>
    <ClInclude Include="include\osgGaming\UIUpdateVisitor.h">
      <Filter>Header Files\UI</Filter>
    </ClInclude>
    <ClInclude Include="include\osgGaming\UIStackPanel.h">
      <Filter>Header Files\UI</Filter>
    </ClInclude>
    <ClInclude Include="include\osgGaming\UIVisualElement.h">
      <Filter>Header Files\UI</Filter>
    </ClInclude>
    <ClInclude Include="include\osgGaming\UIContainerElement.h">
      <Filter>Header Files\UI</Filter>
    </ClInclude>
    <ClInclude Include="include\osgGaming\UICells.h">
      <Filter>Header Files\UI</Filter>
    </ClInclude>
    <ClInclude Include="include\osgGaming\UIContainerElementBase.h">
      <Filter>Header Files\UI</Filter>
    </ClInclude>
    <ClInclude Include="include\osgGaming\UIButton.h">
      <Filter>Header Files\UI</Filter>
    </ClInclude>
    <ClInclude Include="include\osgGaming\UserInteractionModel.h">
      <Filter>Header Files</Filter>
    </ClInclude>
    <ClInclude Include="include\osgGaming\FileResourceLoader.h">
      <Filter>Header Files\Resources</Filter>
    </ClInclude>
    <ClInclude Include="include\osgGaming\PackageResourceLoader.h">
      <Filter>Header Files\Resources</Filter>
    </ClInclude>
    <ClInclude Include="include\osgGaming\ResourceLoader.h">
      <Filter>Header Files\Resources</Filter>
    </ClInclude>
    <ClInclude Include="include\osgGaming\ResourceManager.h">
      <Filter>Header Files\Resources</Filter>
    </ClInclude>
    <ClInclude Include="include\osgGaming\TextResource.h">
      <Filter>Header Files\Resources</Filter>
    </ClInclude>
    <ClInclude Include="include\osgGaming\CameraAlignedQuad.h">
      <Filter>Header Files</Filter>
    </ClInclude>
    <ClInclude Include="include\osgGaming\TextureFactory.h">
      <Filter>Header Files</Filter>
    </ClInclude>
    <ClInclude Include="include\osgGaming\BinaryResource.h">
      <Filter>Header Files\Resources</Filter>
    </ClInclude>
    <ClInclude Include="include\osgGaming\ByteStream.h">
      <Filter>Header Files</Filter>
    </ClInclude>
    <ClInclude Include="include\osgGaming\Viewer.h">
      <Filter>Header Files\PPU</Filter>
    </ClInclude>
    <ClInclude Include="include\osgGaming\PostProcessingEffect.h">
      <Filter>Header Files\PPU</Filter>
    </ClInclude>
    <ClInclude Include="include\osgGaming\HighDynamicRangeEffect.h">
      <Filter>Header Files\PPU</Filter>
    </ClInclude>
    <ClInclude Include="include\osgGaming\SimulationCallback.h">
      <Filter>Header Files</Filter>
    </ClInclude>
    <ClInclude Include="include\osgGaming\StaticResources.h">
      <Filter>Header Files\Resources</Filter>
    </ClInclude>
    <ClInclude Include="include\osgGaming\DepthOfFieldEffect.h">
      <Filter>Header Files\PPU</Filter>
    </ClInclude>
    <ClInclude Include="include\osgGaming\ShaderFactory.h">
      <Filter>Header Files</Filter>
    </ClInclude>
    <ClInclude Include="include\osgGaming\FastApproximateAntiAliasingEffect.h">
      <Filter>Header Files\PPU</Filter>
    </ClInclude>
    <ClInclude Include="include\osgGaming\AbstractGameState.h">
      <Filter>Header Files</Filter>
    </ClInclude>
    <ClInclude Include="include\osgGaming\GameState.h">
      <Filter>Header Files</Filter>
    </ClInclude>
    <ClInclude Include="include\osgGaming\GameStateStack.h">
      <Filter>Header Files</Filter>
    </ClInclude>
    <ClInclude Include="include\osgGaming\Timer.h">
      <Filter>Header Files</Filter>
    </ClInclude>
    <ClInclude Include="include\osgGaming\TimerFactory.h">
      <Filter>Header Files</Filter>
    </ClInclude>
    <ClInclude Include="include\osgGaming\Singleton.h">
      <Filter>Header Files</Filter>
    </ClInclude>
    <ClInclude Include="include\osgGaming\Helper.h">
      <Filter>Header Files</Filter>
    </ClInclude>
    <ClInclude Include="include\osgGaming\UIMarkupLoader.h">
      <Filter>Header Files\UI</Filter>
    </ClInclude>
    <ClInclude Include="include\osgGaming\UIMCollectorVisitor.h">
      <Filter>Header Files\UI</Filter>
    </ClInclude>
    <ClInclude Include="include\osgGaming\UIFindElementVisitor.h">
      <Filter>Header Files\UI</Filter>
    </ClInclude>
    <ClInclude Include="include\osgGaming\Property.h">
      <Filter>Header Files\Parameters</Filter>
    </ClInclude>
    <ClInclude Include="include\osgGaming\PropertiesManager.h">
      <Filter>Header Files\Parameters</Filter>
    </ClInclude>
    <ClInclude Include="include\osgGaming\PropertyValue.h">
      <Filter>Header Files\Parameters</Filter>
    </ClInclude>
    <ClInclude Include="include\osgGaming\PropertyNode.h">
      <Filter>Header Files\Parameters</Filter>
    </ClInclude>
    <ClInclude Include="include\osgGaming\PropertyGroup.h">
      <Filter>Header Files\Parameters</Filter>
    </ClInclude>
    <ClInclude Include="include\osgGaming\PropertyArray.h">
      <Filter>Header Files\Parameters</Filter>
    </ClInclude>
  </ItemGroup>
</Project>