<?xml version="1.0" encoding="utf-8"?>
<Project ToolsVersion="4.0" xmlns="http://schemas.microsoft.com/developer/msbuild/2003">
  <ItemGroup>
    <Filter Include="Source Files">
      <UniqueIdentifier>{4FC737F1-C7A5-4376-A066-2A32D752A2FF}</UniqueIdentifier>
      <Extensions>cpp;c;cc;cxx;def;odl;idl;hpj;bat;asm;asmx</Extensions>
    </Filter>
    <Filter Include="Header Files">
      <UniqueIdentifier>{93995380-89BD-4b04-88EB-625FBE52EBFB}</UniqueIdentifier>
      <Extensions>h;hh;hpp;hxx;hm;inl;inc;xsd</Extensions>
    </Filter>
    <Filter Include="shader">
      <UniqueIdentifier>{6594d31d-f1b7-456f-a149-6e4b3c13d79b}</UniqueIdentifier>
    </Filter>
  </ItemGroup>
  <ItemGroup>
    <ClCompile Include="main.cpp">
      <Filter>Source Files</Filter>
    </ClCompile>
    <ClCompile Include="GameApplication.cpp">
      <Filter>Source Files</Filter>
    </ClCompile>
    <ClCompile Include="GlobeModel.cpp">
      <Filter>Source Files</Filter>
    </ClCompile>
    <ClCompile Include="Follower.cpp">
      <Filter>Source Files</Filter>
    </ClCompile>
    <ClCompile Include="Helper.cpp">
      <Filter>Source Files</Filter>
    </ClCompile>
    <ClCompile Include="GlobeViewer.cpp">
      <Filter>Source Files</Filter>
    </ClCompile>
    <ClCompile Include="UpdateCallback.cpp">
      <Filter>Source Files</Filter>
    </ClCompile>
    <ClCompile Include="EventManager.cpp">
      <Filter>Source Files</Filter>
    </ClCompile>
  </ItemGroup>
  <ItemGroup>
    <ClInclude Include="GameApplication.h">
      <Filter>Header Files</Filter>
    </ClInclude>
    <ClInclude Include="GlobeModel.h">
      <Filter>Header Files</Filter>
    </ClInclude>
    <ClInclude Include="Follower.h">
      <Filter>Header Files</Filter>
    </ClInclude>
    <ClInclude Include="Helper.h">
      <Filter>Header Files</Filter>
    </ClInclude>
    <ClInclude Include="GlobeViewer.h">
      <Filter>Header Files</Filter>
    </ClInclude>
    <ClInclude Include="UpdateCallback.h">
      <Filter>Header Files</Filter>
    </ClInclude>
    <ClInclude Include="EventManager.h">
      <Filter>Header Files</Filter>
    </ClInclude>
  </ItemGroup>
  <ItemGroup>
    <None Include="shader\globe.frag">
      <Filter>shader</Filter>
    </None>
    <None Include="shader\globe.vert">
      <Filter>shader</Filter>
    </None>
  </ItemGroup>
</Project>