<?xml version="1.0" encoding="utf-8"?>
<Project ToolsVersion="4.0" xmlns="http://schemas.microsoft.com/developer/msbuild/2003">
  <ItemGroup>
    <Filter Include="Source Files">
      <UniqueIdentifier>{4FC737F1-C7A5-4376-A066-2A32D752A2FF}</UniqueIdentifier>
      <Extensions>cpp;c;cc;cxx;def;odl;idl;hpj;bat;asm;asmx</Extensions>
    </Filter>
    <Filter Include="Header Files">
      <UniqueIdentifier>{93995380-89BD-4b04-88EB-625FBE52EBFB}</UniqueIdentifier>
      <Extensions>h;hh;hpp;hxx;hm;inl;inc;xsd</Extensions>
    </Filter>
    <Filter Include="shader">
      <UniqueIdentifier>{6594d31d-f1b7-456f-a149-6e4b3c13d79b}</UniqueIdentifier>
    </Filter>
  </ItemGroup>
  <ItemGroup>
    <ClCompile Include="main.cpp">
      <Filter>Source Files</Filter>
    </ClCompile>
    <ClCompile Include="GlobeModel.cpp">
      <Filter>Source Files</Filter>
    </ClCompile>
    <ClCompile Include="GlobeOverviewState.cpp">
      <Filter>Source Files</Filter>
    </ClCompile>
    <ClCompile Include="GlobeOverviewWorld.cpp">
      <Filter>Source Files</Filter>
    </ClCompile>
    <ClCompile Include="LoadingGlobeOverviewState.cpp">
      <Filter>Source Files</Filter>
    </ClCompile>
    <ClCompile Include="BackgroundModel.cpp">
      <Filter>Source Files</Filter>
    </ClCompile>
    <ClCompile Include="Simulation.cpp">
      <Filter>Source Files</Filter>
    </ClCompile>
    <ClCompile Include="Country.cpp">
      <Filter>Source Files</Filter>
    </ClCompile>
    <ClCompile Include="CountriesMap.cpp">
      <Filter>Source Files</Filter>
    </ClCompile>
    <ClCompile Include="GlobeInteractionState.cpp">
      <Filter>Source Files</Filter>
    </ClCompile>
    <ClCompile Include="MainMenuState.cpp">
      <Filter>Source Files</Filter>
    </ClCompile>
    <ClCompile Include="GlobeCameraState.cpp">
      <Filter>Source Files</Filter>
    </ClCompile>
    <ClCompile Include="Globals.cpp">
      <Filter>Source Files</Filter>
    </ClCompile>
    <ClCompile Include="AbstractSkill.cpp">
      <Filter>Source Files</Filter>
    </ClCompile>
    <ClCompile Include="CountryOverlay.cpp">
      <Filter>Source Files</Filter>
    </ClCompile>
    <ClCompile Include="CountryMesh.cpp">
      <Filter>Source Files</Filter>
    </ClCompile>
  </ItemGroup>
  <ItemGroup>
    <ClInclude Include="GlobeModel.h">
      <Filter>Header Files</Filter>
    </ClInclude>
    <ClInclude Include="GlobeOverviewState.h">
      <Filter>Header Files</Filter>
    </ClInclude>
    <ClInclude Include="GlobeOverviewWorld.h">
      <Filter>Header Files</Filter>
    </ClInclude>
    <ClInclude Include="LoadingGlobeOverviewState.h">
      <Filter>Header Files</Filter>
    </ClInclude>
    <ClInclude Include="BackgroundModel.h">
      <Filter>Header Files</Filter>
    </ClInclude>
    <ClInclude Include="Simulation.h">
      <Filter>Header Files</Filter>
    </ClInclude>
    <ClInclude Include="Country.h">
      <Filter>Header Files</Filter>
    </ClInclude>
    <ClInclude Include="CountriesMap.h">
      <Filter>Header Files</Filter>
    </ClInclude>
    <ClInclude Include="GlobeInteractionState.h">
      <Filter>Header Files</Filter>
    </ClInclude>
    <ClInclude Include="MainMenuState.h">
      <Filter>Header Files</Filter>
    </ClInclude>
    <ClInclude Include="GlobeCameraState.h">
      <Filter>Header Files</Filter>
    </ClInclude>
    <ClInclude Include="Globals.h">
      <Filter>Header Files</Filter>
    </ClInclude>
    <ClInclude Include="AbstractSkill.h">
      <Filter>Header Files</Filter>
    </ClInclude>
    <ClInclude Include="CountryOverlay.h">
      <Filter>Header Files</Filter>
    </ClInclude>
    <ClInclude Include="CountryMesh.h">
      <Filter>Header Files</Filter>
    </ClInclude>
  </ItemGroup>
  <ItemGroup>
    <None Include="GameData\shaders\atmosphere.frag">
      <Filter>shader</Filter>
    </None>
    <None Include="GameData\shaders\atmosphere.vert">
      <Filter>shader</Filter>
    </None>
    <None Include="GameData\shaders\clouds.frag">
      <Filter>shader</Filter>
    </None>
    <None Include="GameData\shaders\clouds.vert">
      <Filter>shader</Filter>
    </None>
    <None Include="GameData\shaders\globe.frag">
      <Filter>shader</Filter>
    </None>
    <None Include="GameData\shaders\globe.vert">
      <Filter>shader</Filter>
    </None>
    <None Include="GameData\shaders\star.frag">
      <Filter>shader</Filter>
    </None>
    <None Include="GameData\shaders\star.vert">
      <Filter>shader</Filter>
    </None>
    <None Include="GameData\shaders\boundaries.frag">
      <Filter>shader</Filter>
    </None>
  </ItemGroup>
</Project>